// !$*UTF8*$!
{
	archiveVersion = 1;
	classes = {
	};
	objectVersion = 56;
	objects = {

/* Begin PBXBuildFile section */
		6C0AAF1029572EFB00C699F2 /* AppDelegate.swift in Sources */ = {isa = PBXBuildFile; fileRef = 6C0AAF0F29572EFB00C699F2 /* AppDelegate.swift */; };
		6C0AAF1229572EFB00C699F2 /* SceneDelegate.swift in Sources */ = {isa = PBXBuildFile; fileRef = 6C0AAF1129572EFB00C699F2 /* SceneDelegate.swift */; };
		6C0AAF1429572EFB00C699F2 /* RMTabBarController.swift in Sources */ = {isa = PBXBuildFile; fileRef = 6C0AAF1329572EFB00C699F2 /* RMTabBarController.swift */; };
		6C0AAF1929572EFB00C699F2 /* Assets.xcassets in Resources */ = {isa = PBXBuildFile; fileRef = 6C0AAF1829572EFB00C699F2 /* Assets.xcassets */; };
		6C0AAF1C29572EFB00C699F2 /* LaunchScreen.storyboard in Resources */ = {isa = PBXBuildFile; fileRef = 6C0AAF1A29572EFB00C699F2 /* LaunchScreen.storyboard */; };
		6C0AAF2B2957310900C699F2 /* RMLocation.swift in Sources */ = {isa = PBXBuildFile; fileRef = 6C0AAF2A2957310900C699F2 /* RMLocation.swift */; };
		6C0AAF2D2957312200C699F2 /* RMCharacter.swift in Sources */ = {isa = PBXBuildFile; fileRef = 6C0AAF2C2957312200C699F2 /* RMCharacter.swift */; };
		6C0AAF2F2957313300C699F2 /* RMEpisode.swift in Sources */ = {isa = PBXBuildFile; fileRef = 6C0AAF2E2957313300C699F2 /* RMEpisode.swift */; };
		6C0AAF32295731EE00C699F2 /* RMCharacterViewController.swift in Sources */ = {isa = PBXBuildFile; fileRef = 6C0AAF31295731EE00C699F2 /* RMCharacterViewController.swift */; };
		6C0AAF342957320B00C699F2 /* RMLocationViewController.swift in Sources */ = {isa = PBXBuildFile; fileRef = 6C0AAF332957320B00C699F2 /* RMLocationViewController.swift */; };
		6C0AAF362957321D00C699F2 /* RMEpisodesViewController.swift in Sources */ = {isa = PBXBuildFile; fileRef = 6C0AAF352957321D00C699F2 /* RMEpisodesViewController.swift */; };
		6C0AAF382957323600C699F2 /* RMSettingsViewController.swift in Sources */ = {isa = PBXBuildFile; fileRef = 6C0AAF372957323600C699F2 /* RMSettingsViewController.swift */; };
		6C0AAF3B295733C300C699F2 /* TabBarViewControllers.swift in Sources */ = {isa = PBXBuildFile; fileRef = 6C0AAF3A295733C300C699F2 /* TabBarViewControllers.swift */; };
		6C0AAF3D2957413200C699F2 /* RMService.swift in Sources */ = {isa = PBXBuildFile; fileRef = 6C0AAF3C2957413200C699F2 /* RMService.swift */; };
		6C0AAF3F2957414600C699F2 /* RMRequest.swift in Sources */ = {isa = PBXBuildFile; fileRef = 6C0AAF3E2957414600C699F2 /* RMRequest.swift */; };
		6C0AAF412957433C00C699F2 /* RMEndpoint.swift in Sources */ = {isa = PBXBuildFile; fileRef = 6C0AAF402957433C00C699F2 /* RMEndpoint.swift */; };
		6C63749C296072F60083AC07 /* RMCharacterDetailViewController.swift in Sources */ = {isa = PBXBuildFile; fileRef = 6C63749B296072F60083AC07 /* RMCharacterDetailViewController.swift */; };
		6C63749E296073940083AC07 /* RMCharacterDetailViewModel.swift in Sources */ = {isa = PBXBuildFile; fileRef = 6C63749D296073940083AC07 /* RMCharacterDetailViewModel.swift */; };
		6C6374A02961BC2F0083AC07 /* RMFooterLoadingCollectionReusableView.swift in Sources */ = {isa = PBXBuildFile; fileRef = 6C63749F2961BC2F0083AC07 /* RMFooterLoadingCollectionReusableView.swift */; };
		6C63AE79297B0437001B4433 /* RMDateFormatter.swift in Sources */ = {isa = PBXBuildFile; fileRef = 6C63AE78297B0437001B4433 /* RMDateFormatter.swift */; };
		6C662A1A2969A70A001553EA /* RMCharacterPhotoCollectionViewCell.swift in Sources */ = {isa = PBXBuildFile; fileRef = 6C662A192969A70A001553EA /* RMCharacterPhotoCollectionViewCell.swift */; };
		6C662A1C2969A71F001553EA /* RMCharacterInfoCollectionViewCell.swift in Sources */ = {isa = PBXBuildFile; fileRef = 6C662A1B2969A71F001553EA /* RMCharacterInfoCollectionViewCell.swift */; };
		6C662A1E2969A732001553EA /* RMCharacterEpisodeCollectionViewCell.swift in Sources */ = {isa = PBXBuildFile; fileRef = 6C662A1D2969A732001553EA /* RMCharacterEpisodeCollectionViewCell.swift */; };
		6C662A212969A780001553EA /* RMCharacterPhotoCellViewModel.swift in Sources */ = {isa = PBXBuildFile; fileRef = 6C662A202969A780001553EA /* RMCharacterPhotoCellViewModel.swift */; };
		6C662A232969A7CD001553EA /* RMCharacterInfoCellViewModel.swift in Sources */ = {isa = PBXBuildFile; fileRef = 6C662A222969A7CD001553EA /* RMCharacterInfoCellViewModel.swift */; };
		6C662A252969A808001553EA /* RMCharacterEpisodeCellViewModel.swift in Sources */ = {isa = PBXBuildFile; fileRef = 6C662A242969A808001553EA /* RMCharacterEpisodeCellViewModel.swift */; };
		6C6632CC296DDB5C00F1428E /* RMCharacterInfoCellViewModel+TitleType.swift in Sources */ = {isa = PBXBuildFile; fileRef = 6C6632CB296DDB5C00F1428E /* RMCharacterInfoCellViewModel+TitleType.swift */; };
		6C6703002982E2FA003BF38B /* RMLocationListView.swift in Sources */ = {isa = PBXBuildFile; fileRef = 6C6702FF2982E2FA003BF38B /* RMLocationListView.swift */; };
		6C6703032982E728003BF38B /* RMLocationListViewViewModel.swift in Sources */ = {isa = PBXBuildFile; fileRef = 6C6703022982E728003BF38B /* RMLocationListViewViewModel.swift */; };
		6C67F908295CA14D003FA1E7 /* RMCharacterListView.swift in Sources */ = {isa = PBXBuildFile; fileRef = 6C67F907295CA14D003FA1E7 /* RMCharacterListView.swift */; };
		6C67F90B295CA968003FA1E7 /* Extensions.swift in Sources */ = {isa = PBXBuildFile; fileRef = 6C67F90A295CA968003FA1E7 /* Extensions.swift */; };
		6C69C4B62966048D00565B3A /* RMCharacterDetailView.swift in Sources */ = {isa = PBXBuildFile; fileRef = 6C69C4B52966048D00565B3A /* RMCharacterDetailView.swift */; };
		6C6C2D242975D62E006629D4 /* RMSearchViewController.swift in Sources */ = {isa = PBXBuildFile; fileRef = 6C6C2D232975D62E006629D4 /* RMSearchViewController.swift */; };
		6C6C68F7298442E400E316B4 /* RMGetAllLocationResponce.swift in Sources */ = {isa = PBXBuildFile; fileRef = 6C6C68F6298442E400E316B4 /* RMGetAllLocationResponce.swift */; };
		6C6C68F92984448800E316B4 /* RMLocationTableViewCell.swift in Sources */ = {isa = PBXBuildFile; fileRef = 6C6C68F82984448800E316B4 /* RMLocationTableViewCell.swift */; };
		6C6C68FB298444F300E316B4 /* RMLocationTableViewCellViewModel.swift in Sources */ = {isa = PBXBuildFile; fileRef = 6C6C68FA298444F300E316B4 /* RMLocationTableViewCellViewModel.swift */; };
		6C6FADD029882DF900A438A1 /* RMSearchView.swift in Sources */ = {isa = PBXBuildFile; fileRef = 6C6FADCF29882DF900A438A1 /* RMSearchView.swift */; };
		6C6FADD329882EB200A438A1 /* RMSearchViewViewModel.swift in Sources */ = {isa = PBXBuildFile; fileRef = 6C6FADD229882EB200A438A1 /* RMSearchViewViewModel.swift */; };
		6C6FADD52988326100A438A1 /* RMNoSearchResultView.swift in Sources */ = {isa = PBXBuildFile; fileRef = 6C6FADD42988326100A438A1 /* RMNoSearchResultView.swift */; };
		6C6FADD72988329100A438A1 /* RMNoSearchResultViewViewModel.swift in Sources */ = {isa = PBXBuildFile; fileRef = 6C6FADD62988329100A438A1 /* RMNoSearchResultViewViewModel.swift */; };
		6C6FADD9298832C700A438A1 /* RMSearchInputView.swift in Sources */ = {isa = PBXBuildFile; fileRef = 6C6FADD8298832C700A438A1 /* RMSearchInputView.swift */; };
		6C6FADDB298832DF00A438A1 /* RMSearchInputViewViewModel.swift in Sources */ = {isa = PBXBuildFile; fileRef = 6C6FADDA298832DF00A438A1 /* RMSearchInputViewViewModel.swift */; };
		6C7048A42971C92F00A2DF01 /* RMAPICacheManager.swift in Sources */ = {isa = PBXBuildFile; fileRef = 6C7048A32971C92F00A2DF01 /* RMAPICacheManager.swift */; };
		6C7048A72971D02200A2DF01 /* RMEpisodeViewViewModel.swift in Sources */ = {isa = PBXBuildFile; fileRef = 6C7048A62971D02200A2DF01 /* RMEpisodeViewViewModel.swift */; };
		6C7048AA2971D09700A2DF01 /* RMEpisodeDetailView.swift in Sources */ = {isa = PBXBuildFile; fileRef = 6C7048A92971D09700A2DF01 /* RMEpisodeDetailView.swift */; };
		6C7048AC2972E29500A2DF01 /* RMEpisodeListView.swift in Sources */ = {isa = PBXBuildFile; fileRef = 6C7048AB2972E29500A2DF01 /* RMEpisodeListView.swift */; };
		6C7048AE2972E87500A2DF01 /* RMEpisodeListViewViewModel.swift in Sources */ = {isa = PBXBuildFile; fileRef = 6C7048AD2972E87500A2DF01 /* RMEpisodeListViewViewModel.swift */; };
		6C7050D229ABDD640085C63A /* RMSearchResultFactory.swift in Sources */ = {isa = PBXBuildFile; fileRef = 6C7050D129ABDD640085C63A /* RMSearchResultFactory.swift */; };
		6C743D76295B620E00B97049 /* RMGetAllCharactersResponce.swift in Sources */ = {isa = PBXBuildFile; fileRef = 6C743D75295B620E00B97049 /* RMGetAllCharactersResponce.swift */; };
		6C77798F29649637006FA9F0 /* RMImageLoaderManager.swift in Sources */ = {isa = PBXBuildFile; fileRef = 6C77798E29649637006FA9F0 /* RMImageLoaderManager.swift */; };
		6C777A852978597E00E63C48 /* RMEpisodeInfoCollectionViewCell.swift in Sources */ = {isa = PBXBuildFile; fileRef = 6C777A842978597E00E63C48 /* RMEpisodeInfoCollectionViewCell.swift */; };
		6C777A8929785A0C00E63C48 /* RMEpisodeInfoCollectionViewCellViewModel.swift in Sources */ = {isa = PBXBuildFile; fileRef = 6C777A8829785A0C00E63C48 /* RMEpisodeInfoCollectionViewCellViewModel.swift */; };
		6C7A4473295DF66B0003D691 /* RMCharactersCollectionViewCell.swift in Sources */ = {isa = PBXBuildFile; fileRef = 6C7A4472295DF66B0003D691 /* RMCharactersCollectionViewCell.swift */; };
		6C7A4476295DF78E0003D691 /* RMCharactersCollectionViewCellViewModel.swift in Sources */ = {isa = PBXBuildFile; fileRef = 6C7A4475295DF78E0003D691 /* RMCharactersCollectionViewCellViewModel.swift */; };
		6C7AEFA52970821B00596A2A /* RMEpisodeDetailViewController.swift in Sources */ = {isa = PBXBuildFile; fileRef = 6C7AEFA42970821B00596A2A /* RMEpisodeDetailViewController.swift */; };
		6C8FD6F929B4E02900A511AB /* RMSearchResultsView.swift in Sources */ = {isa = PBXBuildFile; fileRef = 6C8FD6F829B4E02900A511AB /* RMSearchResultsView.swift */; };
		6C992044295A2BB900B7666E /* RMCharacterViewViewModel.swift in Sources */ = {isa = PBXBuildFile; fileRef = 6C992043295A2BB900B7666E /* RMCharacterViewViewModel.swift */; };
		6CB130912958997A00656BC7 /* RMOrigin.swift in Sources */ = {isa = PBXBuildFile; fileRef = 6CB130902958997A00656BC7 /* RMOrigin.swift */; };
		6CB13093295899FB00656BC7 /* RMSingleLocation.swift in Sources */ = {isa = PBXBuildFile; fileRef = 6CB13092295899FB00656BC7 /* RMSingleLocation.swift */; };
		6CB1309729589A8A00656BC7 /* RMCharacterGender.swift in Sources */ = {isa = PBXBuildFile; fileRef = 6CB1309629589A8A00656BC7 /* RMCharacterGender.swift */; };
		6CB1309A29589AC700656BC7 /* RMCharacterStatus.swift in Sources */ = {isa = PBXBuildFile; fileRef = 6CB1309929589AC700656BC7 /* RMCharacterStatus.swift */; };
		6CBD5EF829BCCE370066F196 /* RMTableLoadingFooterView.swift in Sources */ = {isa = PBXBuildFile; fileRef = 6CBD5EF729BCCE370066F196 /* RMTableLoadingFooterView.swift */; };
		6CDA42D9297C2402004F2436 /* RMSettingsViewModel.swift in Sources */ = {isa = PBXBuildFile; fileRef = 6CDA42D8297C2402004F2436 /* RMSettingsViewModel.swift */; };
		6CDA42DB297C24A3004F2436 /* RMSettingsCellViewModel.swift in Sources */ = {isa = PBXBuildFile; fileRef = 6CDA42DA297C24A3004F2436 /* RMSettingsCellViewModel.swift */; };
		6CDA42DD297C2534004F2436 /* RMSettingsOption.swift in Sources */ = {isa = PBXBuildFile; fileRef = 6CDA42DC297C2534004F2436 /* RMSettingsOption.swift */; };
		6CDA42E0297D6C8E004F2436 /* RMSettingsView.swift in Sources */ = {isa = PBXBuildFile; fileRef = 6CDA42DF297D6C8E004F2436 /* RMSettingsView.swift */; };
		6CF8E24F298E90E10073EB9C /* RMSearchOptionPickerViewController.swift in Sources */ = {isa = PBXBuildFile; fileRef = 6CF8E24E298E90E10073EB9C /* RMSearchOptionPickerViewController.swift */; };
		6CF945AC2986AA8E00CA1A41 /* RMLocationDetailViewController.swift in Sources */ = {isa = PBXBuildFile; fileRef = 6CF945AB2986AA8E00CA1A41 /* RMLocationDetailViewController.swift */; };
		6CF945AF2986B38B00CA1A41 /* RMLocationDetailView.swift in Sources */ = {isa = PBXBuildFile; fileRef = 6CF945AE2986B38B00CA1A41 /* RMLocationDetailView.swift */; };
		6CF945B12986B46100CA1A41 /* RMLocationDetailViewViewModel.swift in Sources */ = {isa = PBXBuildFile; fileRef = 6CF945B02986B46100CA1A41 /* RMLocationDetailViewViewModel.swift */; };
		6CF9BBFB2974587600A72B3C /* RMGetAllEpisodesResponce.swift in Sources */ = {isa = PBXBuildFile; fileRef = 6CF9BBFA2974587600A72B3C /* RMGetAllEpisodesResponce.swift */; };
/* End PBXBuildFile section */

/* Begin PBXFileReference section */
		6C0AAF0C29572EFB00C699F2 /* RickAndMorty.app */ = {isa = PBXFileReference; explicitFileType = wrapper.application; includeInIndex = 0; path = RickAndMorty.app; sourceTree = BUILT_PRODUCTS_DIR; };
		6C0AAF0F29572EFB00C699F2 /* AppDelegate.swift */ = {isa = PBXFileReference; lastKnownFileType = sourcecode.swift; path = AppDelegate.swift; sourceTree = "<group>"; };
		6C0AAF1129572EFB00C699F2 /* SceneDelegate.swift */ = {isa = PBXFileReference; lastKnownFileType = sourcecode.swift; path = SceneDelegate.swift; sourceTree = "<group>"; };
		6C0AAF1329572EFB00C699F2 /* RMTabBarController.swift */ = {isa = PBXFileReference; lastKnownFileType = sourcecode.swift; path = RMTabBarController.swift; sourceTree = "<group>"; };
		6C0AAF1829572EFB00C699F2 /* Assets.xcassets */ = {isa = PBXFileReference; lastKnownFileType = folder.assetcatalog; path = Assets.xcassets; sourceTree = "<group>"; };
		6C0AAF1B29572EFB00C699F2 /* Base */ = {isa = PBXFileReference; lastKnownFileType = file.storyboard; name = Base; path = Base.lproj/LaunchScreen.storyboard; sourceTree = "<group>"; };
		6C0AAF1D29572EFB00C699F2 /* Info.plist */ = {isa = PBXFileReference; lastKnownFileType = text.plist.xml; path = Info.plist; sourceTree = "<group>"; };
		6C0AAF2A2957310900C699F2 /* RMLocation.swift */ = {isa = PBXFileReference; lastKnownFileType = sourcecode.swift; path = RMLocation.swift; sourceTree = "<group>"; };
		6C0AAF2C2957312200C699F2 /* RMCharacter.swift */ = {isa = PBXFileReference; lastKnownFileType = sourcecode.swift; path = RMCharacter.swift; sourceTree = "<group>"; };
		6C0AAF2E2957313300C699F2 /* RMEpisode.swift */ = {isa = PBXFileReference; lastKnownFileType = sourcecode.swift; path = RMEpisode.swift; sourceTree = "<group>"; };
		6C0AAF31295731EE00C699F2 /* RMCharacterViewController.swift */ = {isa = PBXFileReference; lastKnownFileType = sourcecode.swift; path = RMCharacterViewController.swift; sourceTree = "<group>"; };
		6C0AAF332957320B00C699F2 /* RMLocationViewController.swift */ = {isa = PBXFileReference; lastKnownFileType = sourcecode.swift; path = RMLocationViewController.swift; sourceTree = "<group>"; };
		6C0AAF352957321D00C699F2 /* RMEpisodesViewController.swift */ = {isa = PBXFileReference; lastKnownFileType = sourcecode.swift; path = RMEpisodesViewController.swift; sourceTree = "<group>"; };
		6C0AAF372957323600C699F2 /* RMSettingsViewController.swift */ = {isa = PBXFileReference; lastKnownFileType = sourcecode.swift; path = RMSettingsViewController.swift; sourceTree = "<group>"; };
		6C0AAF3A295733C300C699F2 /* TabBarViewControllers.swift */ = {isa = PBXFileReference; lastKnownFileType = sourcecode.swift; path = TabBarViewControllers.swift; sourceTree = "<group>"; };
		6C0AAF3C2957413200C699F2 /* RMService.swift */ = {isa = PBXFileReference; lastKnownFileType = sourcecode.swift; path = RMService.swift; sourceTree = "<group>"; };
		6C0AAF3E2957414600C699F2 /* RMRequest.swift */ = {isa = PBXFileReference; lastKnownFileType = sourcecode.swift; path = RMRequest.swift; sourceTree = "<group>"; };
		6C0AAF402957433C00C699F2 /* RMEndpoint.swift */ = {isa = PBXFileReference; lastKnownFileType = sourcecode.swift; path = RMEndpoint.swift; sourceTree = "<group>"; };
		6C63749B296072F60083AC07 /* RMCharacterDetailViewController.swift */ = {isa = PBXFileReference; lastKnownFileType = sourcecode.swift; path = RMCharacterDetailViewController.swift; sourceTree = "<group>"; };
		6C63749D296073940083AC07 /* RMCharacterDetailViewModel.swift */ = {isa = PBXFileReference; lastKnownFileType = sourcecode.swift; path = RMCharacterDetailViewModel.swift; sourceTree = "<group>"; };
		6C63749F2961BC2F0083AC07 /* RMFooterLoadingCollectionReusableView.swift */ = {isa = PBXFileReference; lastKnownFileType = sourcecode.swift; path = RMFooterLoadingCollectionReusableView.swift; sourceTree = "<group>"; };
		6C63AE78297B0437001B4433 /* RMDateFormatter.swift */ = {isa = PBXFileReference; lastKnownFileType = sourcecode.swift; path = RMDateFormatter.swift; sourceTree = "<group>"; };
		6C662A192969A70A001553EA /* RMCharacterPhotoCollectionViewCell.swift */ = {isa = PBXFileReference; lastKnownFileType = sourcecode.swift; path = RMCharacterPhotoCollectionViewCell.swift; sourceTree = "<group>"; };
		6C662A1B2969A71F001553EA /* RMCharacterInfoCollectionViewCell.swift */ = {isa = PBXFileReference; lastKnownFileType = sourcecode.swift; path = RMCharacterInfoCollectionViewCell.swift; sourceTree = "<group>"; };
		6C662A1D2969A732001553EA /* RMCharacterEpisodeCollectionViewCell.swift */ = {isa = PBXFileReference; lastKnownFileType = sourcecode.swift; path = RMCharacterEpisodeCollectionViewCell.swift; sourceTree = "<group>"; };
		6C662A202969A780001553EA /* RMCharacterPhotoCellViewModel.swift */ = {isa = PBXFileReference; lastKnownFileType = sourcecode.swift; path = RMCharacterPhotoCellViewModel.swift; sourceTree = "<group>"; };
		6C662A222969A7CD001553EA /* RMCharacterInfoCellViewModel.swift */ = {isa = PBXFileReference; lastKnownFileType = sourcecode.swift; path = RMCharacterInfoCellViewModel.swift; sourceTree = "<group>"; };
		6C662A242969A808001553EA /* RMCharacterEpisodeCellViewModel.swift */ = {isa = PBXFileReference; lastKnownFileType = sourcecode.swift; path = RMCharacterEpisodeCellViewModel.swift; sourceTree = "<group>"; };
		6C6632CB296DDB5C00F1428E /* RMCharacterInfoCellViewModel+TitleType.swift */ = {isa = PBXFileReference; lastKnownFileType = sourcecode.swift; path = "RMCharacterInfoCellViewModel+TitleType.swift"; sourceTree = "<group>"; };
		6C6702FF2982E2FA003BF38B /* RMLocationListView.swift */ = {isa = PBXFileReference; lastKnownFileType = sourcecode.swift; path = RMLocationListView.swift; sourceTree = "<group>"; };
		6C6703022982E728003BF38B /* RMLocationListViewViewModel.swift */ = {isa = PBXFileReference; lastKnownFileType = sourcecode.swift; path = RMLocationListViewViewModel.swift; sourceTree = "<group>"; };
		6C67F907295CA14D003FA1E7 /* RMCharacterListView.swift */ = {isa = PBXFileReference; lastKnownFileType = sourcecode.swift; path = RMCharacterListView.swift; sourceTree = "<group>"; };
		6C67F90A295CA968003FA1E7 /* Extensions.swift */ = {isa = PBXFileReference; lastKnownFileType = sourcecode.swift; path = Extensions.swift; sourceTree = "<group>"; };
		6C69C4B52966048D00565B3A /* RMCharacterDetailView.swift */ = {isa = PBXFileReference; lastKnownFileType = sourcecode.swift; path = RMCharacterDetailView.swift; sourceTree = "<group>"; };
		6C6C2D232975D62E006629D4 /* RMSearchViewController.swift */ = {isa = PBXFileReference; lastKnownFileType = sourcecode.swift; path = RMSearchViewController.swift; sourceTree = "<group>"; };
		6C6C68F6298442E400E316B4 /* RMGetAllLocationResponce.swift */ = {isa = PBXFileReference; lastKnownFileType = sourcecode.swift; path = RMGetAllLocationResponce.swift; sourceTree = "<group>"; };
		6C6C68F82984448800E316B4 /* RMLocationTableViewCell.swift */ = {isa = PBXFileReference; lastKnownFileType = sourcecode.swift; path = RMLocationTableViewCell.swift; sourceTree = "<group>"; };
		6C6C68FA298444F300E316B4 /* RMLocationTableViewCellViewModel.swift */ = {isa = PBXFileReference; lastKnownFileType = sourcecode.swift; path = RMLocationTableViewCellViewModel.swift; sourceTree = "<group>"; };
		6C6FADCF29882DF900A438A1 /* RMSearchView.swift */ = {isa = PBXFileReference; lastKnownFileType = sourcecode.swift; path = RMSearchView.swift; sourceTree = "<group>"; };
		6C6FADD229882EB200A438A1 /* RMSearchViewViewModel.swift */ = {isa = PBXFileReference; lastKnownFileType = sourcecode.swift; path = RMSearchViewViewModel.swift; sourceTree = "<group>"; };
		6C6FADD42988326100A438A1 /* RMNoSearchResultView.swift */ = {isa = PBXFileReference; lastKnownFileType = sourcecode.swift; path = RMNoSearchResultView.swift; sourceTree = "<group>"; };
		6C6FADD62988329100A438A1 /* RMNoSearchResultViewViewModel.swift */ = {isa = PBXFileReference; lastKnownFileType = sourcecode.swift; path = RMNoSearchResultViewViewModel.swift; sourceTree = "<group>"; };
		6C6FADD8298832C700A438A1 /* RMSearchInputView.swift */ = {isa = PBXFileReference; lastKnownFileType = sourcecode.swift; path = RMSearchInputView.swift; sourceTree = "<group>"; };
		6C6FADDA298832DF00A438A1 /* RMSearchInputViewViewModel.swift */ = {isa = PBXFileReference; lastKnownFileType = sourcecode.swift; path = RMSearchInputViewViewModel.swift; sourceTree = "<group>"; };
		6C7048A32971C92F00A2DF01 /* RMAPICacheManager.swift */ = {isa = PBXFileReference; lastKnownFileType = sourcecode.swift; path = RMAPICacheManager.swift; sourceTree = "<group>"; };
		6C7048A62971D02200A2DF01 /* RMEpisodeViewViewModel.swift */ = {isa = PBXFileReference; lastKnownFileType = sourcecode.swift; path = RMEpisodeViewViewModel.swift; sourceTree = "<group>"; };
		6C7048A92971D09700A2DF01 /* RMEpisodeDetailView.swift */ = {isa = PBXFileReference; lastKnownFileType = sourcecode.swift; path = RMEpisodeDetailView.swift; sourceTree = "<group>"; };
		6C7048AB2972E29500A2DF01 /* RMEpisodeListView.swift */ = {isa = PBXFileReference; lastKnownFileType = sourcecode.swift; path = RMEpisodeListView.swift; sourceTree = "<group>"; };
		6C7048AD2972E87500A2DF01 /* RMEpisodeListViewViewModel.swift */ = {isa = PBXFileReference; lastKnownFileType = sourcecode.swift; path = RMEpisodeListViewViewModel.swift; sourceTree = "<group>"; };
		6C7050D129ABDD640085C63A /* RMSearchResultFactory.swift */ = {isa = PBXFileReference; lastKnownFileType = sourcecode.swift; path = RMSearchResultFactory.swift; sourceTree = "<group>"; };
		6C743D75295B620E00B97049 /* RMGetAllCharactersResponce.swift */ = {isa = PBXFileReference; lastKnownFileType = sourcecode.swift; path = RMGetAllCharactersResponce.swift; sourceTree = "<group>"; };
		6C77798E29649637006FA9F0 /* RMImageLoaderManager.swift */ = {isa = PBXFileReference; lastKnownFileType = sourcecode.swift; path = RMImageLoaderManager.swift; sourceTree = "<group>"; };
		6C777A842978597E00E63C48 /* RMEpisodeInfoCollectionViewCell.swift */ = {isa = PBXFileReference; lastKnownFileType = sourcecode.swift; path = RMEpisodeInfoCollectionViewCell.swift; sourceTree = "<group>"; };
		6C777A8829785A0C00E63C48 /* RMEpisodeInfoCollectionViewCellViewModel.swift */ = {isa = PBXFileReference; lastKnownFileType = sourcecode.swift; path = RMEpisodeInfoCollectionViewCellViewModel.swift; sourceTree = "<group>"; };
		6C7A4472295DF66B0003D691 /* RMCharactersCollectionViewCell.swift */ = {isa = PBXFileReference; lastKnownFileType = sourcecode.swift; path = RMCharactersCollectionViewCell.swift; sourceTree = "<group>"; };
		6C7A4475295DF78E0003D691 /* RMCharactersCollectionViewCellViewModel.swift */ = {isa = PBXFileReference; lastKnownFileType = sourcecode.swift; path = RMCharactersCollectionViewCellViewModel.swift; sourceTree = "<group>"; };
		6C7AEFA42970821B00596A2A /* RMEpisodeDetailViewController.swift */ = {isa = PBXFileReference; lastKnownFileType = sourcecode.swift; path = RMEpisodeDetailViewController.swift; sourceTree = "<group>"; };
		6C8FD6F829B4E02900A511AB /* RMSearchResultsView.swift */ = {isa = PBXFileReference; lastKnownFileType = sourcecode.swift; path = RMSearchResultsView.swift; sourceTree = "<group>"; };
		6C992043295A2BB900B7666E /* RMCharacterViewViewModel.swift */ = {isa = PBXFileReference; lastKnownFileType = sourcecode.swift; path = RMCharacterViewViewModel.swift; sourceTree = "<group>"; };
		6CB130902958997A00656BC7 /* RMOrigin.swift */ = {isa = PBXFileReference; lastKnownFileType = sourcecode.swift; path = RMOrigin.swift; sourceTree = "<group>"; };
		6CB13092295899FB00656BC7 /* RMSingleLocation.swift */ = {isa = PBXFileReference; lastKnownFileType = sourcecode.swift; path = RMSingleLocation.swift; sourceTree = "<group>"; };
		6CB1309629589A8A00656BC7 /* RMCharacterGender.swift */ = {isa = PBXFileReference; lastKnownFileType = sourcecode.swift; path = RMCharacterGender.swift; sourceTree = "<group>"; };
		6CB1309929589AC700656BC7 /* RMCharacterStatus.swift */ = {isa = PBXFileReference; lastKnownFileType = sourcecode.swift; path = RMCharacterStatus.swift; sourceTree = "<group>"; };
		6CBD5EF729BCCE370066F196 /* RMTableLoadingFooterView.swift */ = {isa = PBXFileReference; lastKnownFileType = sourcecode.swift; path = RMTableLoadingFooterView.swift; sourceTree = "<group>"; };
		6CDA42D8297C2402004F2436 /* RMSettingsViewModel.swift */ = {isa = PBXFileReference; lastKnownFileType = sourcecode.swift; path = RMSettingsViewModel.swift; sourceTree = "<group>"; };
		6CDA42DA297C24A3004F2436 /* RMSettingsCellViewModel.swift */ = {isa = PBXFileReference; lastKnownFileType = sourcecode.swift; path = RMSettingsCellViewModel.swift; sourceTree = "<group>"; };
		6CDA42DC297C2534004F2436 /* RMSettingsOption.swift */ = {isa = PBXFileReference; lastKnownFileType = sourcecode.swift; path = RMSettingsOption.swift; sourceTree = "<group>"; };
		6CDA42DF297D6C8E004F2436 /* RMSettingsView.swift */ = {isa = PBXFileReference; lastKnownFileType = sourcecode.swift; path = RMSettingsView.swift; sourceTree = "<group>"; };
		6CF8E24E298E90E10073EB9C /* RMSearchOptionPickerViewController.swift */ = {isa = PBXFileReference; lastKnownFileType = sourcecode.swift; path = RMSearchOptionPickerViewController.swift; sourceTree = "<group>"; };
		6CF945AB2986AA8E00CA1A41 /* RMLocationDetailViewController.swift */ = {isa = PBXFileReference; lastKnownFileType = sourcecode.swift; path = RMLocationDetailViewController.swift; sourceTree = "<group>"; };
		6CF945AE2986B38B00CA1A41 /* RMLocationDetailView.swift */ = {isa = PBXFileReference; lastKnownFileType = sourcecode.swift; path = RMLocationDetailView.swift; sourceTree = "<group>"; };
		6CF945B02986B46100CA1A41 /* RMLocationDetailViewViewModel.swift */ = {isa = PBXFileReference; lastKnownFileType = sourcecode.swift; path = RMLocationDetailViewViewModel.swift; sourceTree = "<group>"; };
		6CF9BBFA2974587600A72B3C /* RMGetAllEpisodesResponce.swift */ = {isa = PBXFileReference; lastKnownFileType = sourcecode.swift; path = RMGetAllEpisodesResponce.swift; sourceTree = "<group>"; };
/* End PBXFileReference section */

/* Begin PBXFrameworksBuildPhase section */
		6C0AAF0929572EFB00C699F2 /* Frameworks */ = {
			isa = PBXFrameworksBuildPhase;
			buildActionMask = 2147483647;
			files = (
			);
			runOnlyForDeploymentPostprocessing = 0;
		};
/* End PBXFrameworksBuildPhase section */

/* Begin PBXGroup section */
		6C0AAF0329572EFB00C699F2 = {
			isa = PBXGroup;
			children = (
				6C0AAF0E29572EFB00C699F2 /* RickAndMorty */,
				6C0AAF0D29572EFB00C699F2 /* Products */,
			);
			sourceTree = "<group>";
		};
		6C0AAF0D29572EFB00C699F2 /* Products */ = {
			isa = PBXGroup;
			children = (
				6C0AAF0C29572EFB00C699F2 /* RickAndMorty.app */,
			);
			name = Products;
			sourceTree = "<group>";
		};
		6C0AAF0E29572EFB00C699F2 /* RickAndMorty */ = {
			isa = PBXGroup;
			children = (
				6CB1309829589A9700656BC7 /* Extensions */,
				6C0AAF29295730E300C699F2 /* Models */,
				6C0AAF282957303400C699F2 /* APIClient */,
				6C0AAF272957302800C699F2 /* Managers */,
				6C0AAF262957301B00C699F2 /* ViewModels */,
				6C0AAF252957301000C699F2 /* Views */,
				6C0AAF242957300900C699F2 /* Controllers */,
				6C0AAF2329572FF800C699F2 /* Resources */,
				6C0AAF1D29572EFB00C699F2 /* Info.plist */,
			);
			path = RickAndMorty;
			sourceTree = "<group>";
		};
		6C0AAF2329572FF800C699F2 /* Resources */ = {
			isa = PBXGroup;
			children = (
				6C0AAF0F29572EFB00C699F2 /* AppDelegate.swift */,
				6C0AAF1A29572EFB00C699F2 /* LaunchScreen.storyboard */,
				6C0AAF1129572EFB00C699F2 /* SceneDelegate.swift */,
				6C0AAF1829572EFB00C699F2 /* Assets.xcassets */,
			);
			path = Resources;
			sourceTree = "<group>";
		};
		6C0AAF242957300900C699F2 /* Controllers */ = {
			isa = PBXGroup;
			children = (
				6CF8E250298E91240073EB9C /* Search */,
				6CF945AD2986AB2B00CA1A41 /* Location */,
				6C7AEFA1297081AE00596A2A /* Episode */,
				6C7A4479296072730003D691 /* Characters */,
				6C0AAF302957316F00C699F2 /* Core */,
			);
			path = Controllers;
			sourceTree = "<group>";
		};
		6C0AAF252957301000C699F2 /* Views */ = {
			isa = PBXGroup;
			children = (
				6C63749F2961BC2F0083AC07 /* RMFooterLoadingCollectionReusableView.swift */,
				6C662A1D2969A732001553EA /* RMCharacterEpisodeCollectionViewCell.swift */,
				6C6FADCE29882DD500A438A1 /* Search */,
				6C6702FE2982E2D8003BF38B /* Location */,
				6CDA42DE297D6C5A004F2436 /* Settings */,
				6C7048A82971D06F00A2DF01 /* Episode */,
				6C67F909295CA66C003FA1E7 /* Character */,
			);
			path = Views;
			sourceTree = "<group>";
		};
		6C0AAF262957301B00C699F2 /* ViewModels */ = {
			isa = PBXGroup;
			children = (
				6C6FADD129882EA400A438A1 /* Search */,
				6C6703012982E71D003BF38B /* Location */,
				6CDA42D7297C23D5004F2436 /* Settings */,
				6C7048A52971D00100A2DF01 /* Episode */,
				6C7A4474295DF7740003D691 /* Characters */,
			);
			path = ViewModels;
			sourceTree = "<group>";
		};
		6C0AAF272957302800C699F2 /* Managers */ = {
			isa = PBXGroup;
			children = (
				6C77798E29649637006FA9F0 /* RMImageLoaderManager.swift */,
				6C7048A32971C92F00A2DF01 /* RMAPICacheManager.swift */,
			);
			path = Managers;
			sourceTree = "<group>";
		};
		6C0AAF282957303400C699F2 /* APIClient */ = {
			isa = PBXGroup;
			children = (
				6C0AAF3C2957413200C699F2 /* RMService.swift */,
				6C0AAF3E2957414600C699F2 /* RMRequest.swift */,
				6C0AAF402957433C00C699F2 /* RMEndpoint.swift */,
			);
			path = APIClient;
			sourceTree = "<group>";
		};
		6C0AAF29295730E300C699F2 /* Models */ = {
			isa = PBXGroup;
			children = (
				6C743D74295B61E900B97049 /* APIResponceType */,
				6C743D73295B61D000B97049 /* DataTypes */,
			);
			path = Models;
			sourceTree = "<group>";
		};
		6C0AAF302957316F00C699F2 /* Core */ = {
			isa = PBXGroup;
			children = (
				6C0AAF39295733AC00C699F2 /* TabBarVC */,
				6C0AAF332957320B00C699F2 /* RMLocationViewController.swift */,
				6C0AAF352957321D00C699F2 /* RMEpisodesViewController.swift */,
				6C0AAF372957323600C699F2 /* RMSettingsViewController.swift */,
			);
			path = Core;
			sourceTree = "<group>";
		};
		6C0AAF39295733AC00C699F2 /* TabBarVC */ = {
			isa = PBXGroup;
			children = (
				6C0AAF1329572EFB00C699F2 /* RMTabBarController.swift */,
				6C0AAF3A295733C300C699F2 /* TabBarViewControllers.swift */,
			);
			path = TabBarVC;
			sourceTree = "<group>";
		};
		6C662A182969A6B1001553EA /* CharacterDetails */ = {
			isa = PBXGroup;
			children = (
				6CD2A17A296C94AC000AFF2E /* Cells */,
				6C69C4B52966048D00565B3A /* RMCharacterDetailView.swift */,
			);
			path = CharacterDetails;
			sourceTree = "<group>";
		};
		6C662A1F2969A75B001553EA /* CharacterDetails */ = {
			isa = PBXGroup;
			children = (
				6C6632CA296DDB2D00F1428E /* Cells */,
				6C63749D296073940083AC07 /* RMCharacterDetailViewModel.swift */,
			);
			path = CharacterDetails;
			sourceTree = "<group>";
		};
		6C6632CA296DDB2D00F1428E /* Cells */ = {
			isa = PBXGroup;
			children = (
				6C662A202969A780001553EA /* RMCharacterPhotoCellViewModel.swift */,
				6C662A222969A7CD001553EA /* RMCharacterInfoCellViewModel.swift */,
				6C6632CB296DDB5C00F1428E /* RMCharacterInfoCellViewModel+TitleType.swift */,
			);
			path = Cells;
			sourceTree = "<group>";
		};
		6C6702FE2982E2D8003BF38B /* Location */ = {
			isa = PBXGroup;
			children = (
				6C6702FF2982E2FA003BF38B /* RMLocationListView.swift */,
				6C6C68F82984448800E316B4 /* RMLocationTableViewCell.swift */,
				6CF945AE2986B38B00CA1A41 /* RMLocationDetailView.swift */,
				6CBD5EF729BCCE370066F196 /* RMTableLoadingFooterView.swift */,
			);
			path = Location;
			sourceTree = "<group>";
		};
		6C6703012982E71D003BF38B /* Location */ = {
			isa = PBXGroup;
			children = (
				6C6703022982E728003BF38B /* RMLocationListViewViewModel.swift */,
				6C6C68FA298444F300E316B4 /* RMLocationTableViewCellViewModel.swift */,
				6CF945B02986B46100CA1A41 /* RMLocationDetailViewViewModel.swift */,
			);
			path = Location;
			sourceTree = "<group>";
		};
		6C67F909295CA66C003FA1E7 /* Character */ = {
			isa = PBXGroup;
			children = (
				6C662A182969A6B1001553EA /* CharacterDetails */,
				6C67F907295CA14D003FA1E7 /* RMCharacterListView.swift */,
				6C7A4472295DF66B0003D691 /* RMCharactersCollectionViewCell.swift */,
			);
			path = Character;
			sourceTree = "<group>";
		};
		6C6FADCE29882DD500A438A1 /* Search */ = {
			isa = PBXGroup;
			children = (
				6C6FADCF29882DF900A438A1 /* RMSearchView.swift */,
				6C6FADD42988326100A438A1 /* RMNoSearchResultView.swift */,
				6C6FADD8298832C700A438A1 /* RMSearchInputView.swift */,
				6C8FD6F829B4E02900A511AB /* RMSearchResultsView.swift */,
			);
			path = Search;
			sourceTree = "<group>";
		};
		6C6FADD129882EA400A438A1 /* Search */ = {
			isa = PBXGroup;
			children = (
				6C6FADD229882EB200A438A1 /* RMSearchViewViewModel.swift */,
				6C6FADD62988329100A438A1 /* RMNoSearchResultViewViewModel.swift */,
				6C6FADDA298832DF00A438A1 /* RMSearchInputViewViewModel.swift */,
				6C7050D129ABDD640085C63A /* RMSearchResultFactory.swift */,
			);
			path = Search;
			sourceTree = "<group>";
		};
		6C7048A52971D00100A2DF01 /* Episode */ = {
			isa = PBXGroup;
			children = (
				6C777A86297859A600E63C48 /* Episode Details */,
				6C7048A62971D02200A2DF01 /* RMEpisodeViewViewModel.swift */,
				6C7048AD2972E87500A2DF01 /* RMEpisodeListViewViewModel.swift */,
			);
			path = Episode;
			sourceTree = "<group>";
		};
		6C7048A82971D06F00A2DF01 /* Episode */ = {
			isa = PBXGroup;
			children = (
				6C777A87297859FE00E63C48 /* EpisodeDetail */,
				6C7048AB2972E29500A2DF01 /* RMEpisodeListView.swift */,
			);
			path = Episode;
			sourceTree = "<group>";
		};
		6C743D73295B61D000B97049 /* DataTypes */ = {
			isa = PBXGroup;
			children = (
				6CB1309429589A5300656BC7 /* Main */,
				6CB1309529589A6200656BC7 /* Additional */,
			);
			path = DataTypes;
			sourceTree = "<group>";
		};
		6C743D74295B61E900B97049 /* APIResponceType */ = {
			isa = PBXGroup;
			children = (
				6C743D75295B620E00B97049 /* RMGetAllCharactersResponce.swift */,
				6CF9BBFA2974587600A72B3C /* RMGetAllEpisodesResponce.swift */,
				6C6C68F6298442E400E316B4 /* RMGetAllLocationResponce.swift */,
			);
			path = APIResponceType;
			sourceTree = "<group>";
		};
		6C777A86297859A600E63C48 /* Episode Details */ = {
			isa = PBXGroup;
			children = (
			);
			path = "Episode Details";
			sourceTree = "<group>";
		};
		6C777A87297859FE00E63C48 /* EpisodeDetail */ = {
			isa = PBXGroup;
			children = (
				6C777A842978597E00E63C48 /* RMEpisodeInfoCollectionViewCell.swift */,
				6C7048A92971D09700A2DF01 /* RMEpisodeDetailView.swift */,
				6C777A8829785A0C00E63C48 /* RMEpisodeInfoCollectionViewCellViewModel.swift */,
			);
			path = EpisodeDetail;
			sourceTree = "<group>";
		};
		6C7A4474295DF7740003D691 /* Characters */ = {
			isa = PBXGroup;
			children = (
				6C662A242969A808001553EA /* RMCharacterEpisodeCellViewModel.swift */,
				6C662A1F2969A75B001553EA /* CharacterDetails */,
				6C992043295A2BB900B7666E /* RMCharacterViewViewModel.swift */,
				6C7A4475295DF78E0003D691 /* RMCharactersCollectionViewCellViewModel.swift */,
			);
			path = Characters;
			sourceTree = "<group>";
		};
		6C7A4479296072730003D691 /* Characters */ = {
			isa = PBXGroup;
			children = (
				6C0AAF31295731EE00C699F2 /* RMCharacterViewController.swift */,
				6C63749B296072F60083AC07 /* RMCharacterDetailViewController.swift */,
			);
			path = Characters;
			sourceTree = "<group>";
		};
		6C7AEFA1297081AE00596A2A /* Episode */ = {
			isa = PBXGroup;
			children = (
				6C7AEFA42970821B00596A2A /* RMEpisodeDetailViewController.swift */,
			);
			path = Episode;
			sourceTree = "<group>";
		};
		6CB1309429589A5300656BC7 /* Main */ = {
			isa = PBXGroup;
			children = (
				6C0AAF2A2957310900C699F2 /* RMLocation.swift */,
				6C0AAF2C2957312200C699F2 /* RMCharacter.swift */,
				6C0AAF2E2957313300C699F2 /* RMEpisode.swift */,
			);
			path = Main;
			sourceTree = "<group>";
		};
		6CB1309529589A6200656BC7 /* Additional */ = {
			isa = PBXGroup;
			children = (
				6CB13092295899FB00656BC7 /* RMSingleLocation.swift */,
				6CB130902958997A00656BC7 /* RMOrigin.swift */,
			);
			path = Additional;
			sourceTree = "<group>";
		};
		6CB1309829589A9700656BC7 /* Extensions */ = {
			isa = PBXGroup;
			children = (
				6CB1309629589A8A00656BC7 /* RMCharacterGender.swift */,
				6CB1309929589AC700656BC7 /* RMCharacterStatus.swift */,
				6C67F90A295CA968003FA1E7 /* Extensions.swift */,
				6C63AE78297B0437001B4433 /* RMDateFormatter.swift */,
			);
			path = Extensions;
			sourceTree = "<group>";
		};
		6CD2A17A296C94AC000AFF2E /* Cells */ = {
			isa = PBXGroup;
			children = (
				6C662A1B2969A71F001553EA /* RMCharacterInfoCollectionViewCell.swift */,
				6C662A192969A70A001553EA /* RMCharacterPhotoCollectionViewCell.swift */,
			);
			path = Cells;
			sourceTree = "<group>";
		};
		6CDA42D7297C23D5004F2436 /* Settings */ = {
			isa = PBXGroup;
			children = (
				6CDA42D8297C2402004F2436 /* RMSettingsViewModel.swift */,
				6CDA42DA297C24A3004F2436 /* RMSettingsCellViewModel.swift */,
				6CDA42DC297C2534004F2436 /* RMSettingsOption.swift */,
			);
			path = Settings;
			sourceTree = "<group>";
		};
		6CDA42DE297D6C5A004F2436 /* Settings */ = {
			isa = PBXGroup;
			children = (
				6CDA42DF297D6C8E004F2436 /* RMSettingsView.swift */,
			);
			path = Settings;
			sourceTree = "<group>";
		};
		6CF8E250298E91240073EB9C /* Search */ = {
			isa = PBXGroup;
			children = (
				6CF8E24E298E90E10073EB9C /* RMSearchOptionPickerViewController.swift */,
				6C6C2D232975D62E006629D4 /* RMSearchViewController.swift */,
			);
			path = Search;
			sourceTree = "<group>";
		};
		6CF945AD2986AB2B00CA1A41 /* Location */ = {
			isa = PBXGroup;
			children = (
				6CF945AB2986AA8E00CA1A41 /* RMLocationDetailViewController.swift */,
			);
			path = Location;
			sourceTree = "<group>";
		};
/* End PBXGroup section */

/* Begin PBXNativeTarget section */
		6C0AAF0B29572EFB00C699F2 /* RickAndMorty */ = {
			isa = PBXNativeTarget;
			buildConfigurationList = 6C0AAF2029572EFB00C699F2 /* Build configuration list for PBXNativeTarget "RickAndMorty" */;
			buildPhases = (
				6C0AAF0829572EFB00C699F2 /* Sources */,
				6C0AAF0929572EFB00C699F2 /* Frameworks */,
				6C0AAF0A29572EFB00C699F2 /* Resources */,
			);
			buildRules = (
			);
			dependencies = (
			);
			name = RickAndMorty;
			productName = RickAndMorty;
			productReference = 6C0AAF0C29572EFB00C699F2 /* RickAndMorty.app */;
			productType = "com.apple.product-type.application";
		};
/* End PBXNativeTarget section */

/* Begin PBXProject section */
		6C0AAF0429572EFB00C699F2 /* Project object */ = {
			isa = PBXProject;
			attributes = {
				BuildIndependentTargetsInParallel = 1;
				LastSwiftUpdateCheck = 1420;
				LastUpgradeCheck = 1420;
				TargetAttributes = {
					6C0AAF0B29572EFB00C699F2 = {
						CreatedOnToolsVersion = 14.2;
					};
				};
			};
			buildConfigurationList = 6C0AAF0729572EFB00C699F2 /* Build configuration list for PBXProject "RickAndMorty" */;
			compatibilityVersion = "Xcode 14.0";
			developmentRegion = en;
			hasScannedForEncodings = 0;
			knownRegions = (
				en,
				Base,
			);
			mainGroup = 6C0AAF0329572EFB00C699F2;
			productRefGroup = 6C0AAF0D29572EFB00C699F2 /* Products */;
			projectDirPath = "";
			projectRoot = "";
			targets = (
				6C0AAF0B29572EFB00C699F2 /* RickAndMorty */,
			);
		};
/* End PBXProject section */

/* Begin PBXResourcesBuildPhase section */
		6C0AAF0A29572EFB00C699F2 /* Resources */ = {
			isa = PBXResourcesBuildPhase;
			buildActionMask = 2147483647;
			files = (
				6C0AAF1C29572EFB00C699F2 /* LaunchScreen.storyboard in Resources */,
				6C0AAF1929572EFB00C699F2 /* Assets.xcassets in Resources */,
			);
			runOnlyForDeploymentPostprocessing = 0;
		};
/* End PBXResourcesBuildPhase section */

/* Begin PBXSourcesBuildPhase section */
		6C0AAF0829572EFB00C699F2 /* Sources */ = {
			isa = PBXSourcesBuildPhase;
			buildActionMask = 2147483647;
			files = (
				6C0AAF342957320B00C699F2 /* RMLocationViewController.swift in Sources */,
				6CBD5EF829BCCE370066F196 /* RMTableLoadingFooterView.swift in Sources */,
				6C0AAF2F2957313300C699F2 /* RMEpisode.swift in Sources */,
				6C7050D229ABDD640085C63A /* RMSearchResultFactory.swift in Sources */,
				6C0AAF3D2957413200C699F2 /* RMService.swift in Sources */,
				6C0AAF1429572EFB00C699F2 /* RMTabBarController.swift in Sources */,
				6CF9BBFB2974587600A72B3C /* RMGetAllEpisodesResponce.swift in Sources */,
				6C7048A42971C92F00A2DF01 /* RMAPICacheManager.swift in Sources */,
				6C6C68F92984448800E316B4 /* RMLocationTableViewCell.swift in Sources */,
				6C0AAF362957321D00C699F2 /* RMEpisodesViewController.swift in Sources */,
				6CDA42DB297C24A3004F2436 /* RMSettingsCellViewModel.swift in Sources */,
				6C7A4473295DF66B0003D691 /* RMCharactersCollectionViewCell.swift in Sources */,
				6C662A252969A808001553EA /* RMCharacterEpisodeCellViewModel.swift in Sources */,
				6C6703002982E2FA003BF38B /* RMLocationListView.swift in Sources */,
				6CDA42DD297C2534004F2436 /* RMSettingsOption.swift in Sources */,
				6C63749E296073940083AC07 /* RMCharacterDetailViewModel.swift in Sources */,
				6C777A8929785A0C00E63C48 /* RMEpisodeInfoCollectionViewCellViewModel.swift in Sources */,
				6CB1309A29589AC700656BC7 /* RMCharacterStatus.swift in Sources */,
				6C77798F29649637006FA9F0 /* RMImageLoaderManager.swift in Sources */,
				6C6374A02961BC2F0083AC07 /* RMFooterLoadingCollectionReusableView.swift in Sources */,
				6C6FADDB298832DF00A438A1 /* RMSearchInputViewViewModel.swift in Sources */,
				6C6FADD9298832C700A438A1 /* RMSearchInputView.swift in Sources */,
				6CF945B12986B46100CA1A41 /* RMLocationDetailViewViewModel.swift in Sources */,
				6C6C68F7298442E400E316B4 /* RMGetAllLocationResponce.swift in Sources */,
				6C743D76295B620E00B97049 /* RMGetAllCharactersResponce.swift in Sources */,
				6C0AAF412957433C00C699F2 /* RMEndpoint.swift in Sources */,
				6C662A1C2969A71F001553EA /* RMCharacterInfoCollectionViewCell.swift in Sources */,
				6C7048A72971D02200A2DF01 /* RMEpisodeViewViewModel.swift in Sources */,
				6C6FADD72988329100A438A1 /* RMNoSearchResultViewViewModel.swift in Sources */,
				6CF945AC2986AA8E00CA1A41 /* RMLocationDetailViewController.swift in Sources */,
				6C6FADD029882DF900A438A1 /* RMSearchView.swift in Sources */,
				6C63AE79297B0437001B4433 /* RMDateFormatter.swift in Sources */,
				6C0AAF382957323600C699F2 /* RMSettingsViewController.swift in Sources */,
				6C67F90B295CA968003FA1E7 /* Extensions.swift in Sources */,
				6C662A1A2969A70A001553EA /* RMCharacterPhotoCollectionViewCell.swift in Sources */,
				6C63749C296072F60083AC07 /* RMCharacterDetailViewController.swift in Sources */,
				6CF8E24F298E90E10073EB9C /* RMSearchOptionPickerViewController.swift in Sources */,
				6C67F908295CA14D003FA1E7 /* RMCharacterListView.swift in Sources */,
				6C0AAF3F2957414600C699F2 /* RMRequest.swift in Sources */,
				6C7AEFA52970821B00596A2A /* RMEpisodeDetailViewController.swift in Sources */,
				6C0AAF1029572EFB00C699F2 /* AppDelegate.swift in Sources */,
				6CF945AF2986B38B00CA1A41 /* RMLocationDetailView.swift in Sources */,
				6CDA42E0297D6C8E004F2436 /* RMSettingsView.swift in Sources */,
				6C0AAF1229572EFB00C699F2 /* SceneDelegate.swift in Sources */,
				6C662A1E2969A732001553EA /* RMCharacterEpisodeCollectionViewCell.swift in Sources */,
				6C6FADD52988326100A438A1 /* RMNoSearchResultView.swift in Sources */,
				6C7048AA2971D09700A2DF01 /* RMEpisodeDetailView.swift in Sources */,
				6C7048AC2972E29500A2DF01 /* RMEpisodeListView.swift in Sources */,
				6C0AAF2B2957310900C699F2 /* RMLocation.swift in Sources */,
				6CDA42D9297C2402004F2436 /* RMSettingsViewModel.swift in Sources */,
				6C69C4B62966048D00565B3A /* RMCharacterDetailView.swift in Sources */,
				6C6C68FB298444F300E316B4 /* RMLocationTableViewCellViewModel.swift in Sources */,
				6CB13093295899FB00656BC7 /* RMSingleLocation.swift in Sources */,
				6C6632CC296DDB5C00F1428E /* RMCharacterInfoCellViewModel+TitleType.swift in Sources */,
				6C6FADD329882EB200A438A1 /* RMSearchViewViewModel.swift in Sources */,
				6C8FD6F929B4E02900A511AB /* RMSearchResultsView.swift in Sources */,
				6C0AAF2D2957312200C699F2 /* RMCharacter.swift in Sources */,
				6C7A4476295DF78E0003D691 /* RMCharactersCollectionViewCellViewModel.swift in Sources */,
				6C662A232969A7CD001553EA /* RMCharacterInfoCellViewModel.swift in Sources */,
				6C0AAF32295731EE00C699F2 /* RMCharacterViewController.swift in Sources */,
				6C7048AE2972E87500A2DF01 /* RMEpisodeListViewViewModel.swift in Sources */,
				6C6703032982E728003BF38B /* RMLocationListViewViewModel.swift in Sources */,
				6C662A212969A780001553EA /* RMCharacterPhotoCellViewModel.swift in Sources */,
				6C777A852978597E00E63C48 /* RMEpisodeInfoCollectionViewCell.swift in Sources */,
				6C6C2D242975D62E006629D4 /* RMSearchViewController.swift in Sources */,
				6CB130912958997A00656BC7 /* RMOrigin.swift in Sources */,
				6C0AAF3B295733C300C699F2 /* TabBarViewControllers.swift in Sources */,
				6C992044295A2BB900B7666E /* RMCharacterViewViewModel.swift in Sources */,
				6CB1309729589A8A00656BC7 /* RMCharacterGender.swift in Sources */,
			);
			runOnlyForDeploymentPostprocessing = 0;
		};
/* End PBXSourcesBuildPhase section */

/* Begin PBXVariantGroup section */
		6C0AAF1A29572EFB00C699F2 /* LaunchScreen.storyboard */ = {
			isa = PBXVariantGroup;
			children = (
				6C0AAF1B29572EFB00C699F2 /* Base */,
			);
			name = LaunchScreen.storyboard;
			sourceTree = "<group>";
		};
/* End PBXVariantGroup section */

/* Begin XCBuildConfiguration section */
		6C0AAF1E29572EFB00C699F2 /* Debug */ = {
			isa = XCBuildConfiguration;
			buildSettings = {
				ALWAYS_SEARCH_USER_PATHS = NO;
				CLANG_ANALYZER_NONNULL = YES;
				CLANG_ANALYZER_NUMBER_OBJECT_CONVERSION = YES_AGGRESSIVE;
				CLANG_CXX_LANGUAGE_STANDARD = "gnu++20";
				CLANG_ENABLE_MODULES = YES;
				CLANG_ENABLE_OBJC_ARC = YES;
				CLANG_ENABLE_OBJC_WEAK = YES;
				CLANG_WARN_BLOCK_CAPTURE_AUTORELEASING = YES;
				CLANG_WARN_BOOL_CONVERSION = YES;
				CLANG_WARN_COMMA = YES;
				CLANG_WARN_CONSTANT_CONVERSION = YES;
				CLANG_WARN_DEPRECATED_OBJC_IMPLEMENTATIONS = YES;
				CLANG_WARN_DIRECT_OBJC_ISA_USAGE = YES_ERROR;
				CLANG_WARN_DOCUMENTATION_COMMENTS = YES;
				CLANG_WARN_EMPTY_BODY = YES;
				CLANG_WARN_ENUM_CONVERSION = YES;
				CLANG_WARN_INFINITE_RECURSION = YES;
				CLANG_WARN_INT_CONVERSION = YES;
				CLANG_WARN_NON_LITERAL_NULL_CONVERSION = YES;
				CLANG_WARN_OBJC_IMPLICIT_RETAIN_SELF = YES;
				CLANG_WARN_OBJC_LITERAL_CONVERSION = YES;
				CLANG_WARN_OBJC_ROOT_CLASS = YES_ERROR;
				CLANG_WARN_QUOTED_INCLUDE_IN_FRAMEWORK_HEADER = YES;
				CLANG_WARN_RANGE_LOOP_ANALYSIS = YES;
				CLANG_WARN_STRICT_PROTOTYPES = YES;
				CLANG_WARN_SUSPICIOUS_MOVE = YES;
				CLANG_WARN_UNGUARDED_AVAILABILITY = YES_AGGRESSIVE;
				CLANG_WARN_UNREACHABLE_CODE = YES;
				CLANG_WARN__DUPLICATE_METHOD_MATCH = YES;
				COPY_PHASE_STRIP = NO;
				DEBUG_INFORMATION_FORMAT = dwarf;
				ENABLE_STRICT_OBJC_MSGSEND = YES;
				ENABLE_TESTABILITY = YES;
				GCC_C_LANGUAGE_STANDARD = gnu11;
				GCC_DYNAMIC_NO_PIC = NO;
				GCC_NO_COMMON_BLOCKS = YES;
				GCC_OPTIMIZATION_LEVEL = 0;
				GCC_PREPROCESSOR_DEFINITIONS = (
					"DEBUG=1",
					"$(inherited)",
				);
				GCC_WARN_64_TO_32_BIT_CONVERSION = YES;
				GCC_WARN_ABOUT_RETURN_TYPE = YES_ERROR;
				GCC_WARN_UNDECLARED_SELECTOR = YES;
				GCC_WARN_UNINITIALIZED_AUTOS = YES_AGGRESSIVE;
				GCC_WARN_UNUSED_FUNCTION = YES;
				GCC_WARN_UNUSED_VARIABLE = YES;
				IPHONEOS_DEPLOYMENT_TARGET = 16.2;
				MTL_ENABLE_DEBUG_INFO = INCLUDE_SOURCE;
				MTL_FAST_MATH = YES;
				ONLY_ACTIVE_ARCH = YES;
				SDKROOT = iphoneos;
				SWIFT_ACTIVE_COMPILATION_CONDITIONS = DEBUG;
				SWIFT_OPTIMIZATION_LEVEL = "-Onone";
			};
			name = Debug;
		};
		6C0AAF1F29572EFB00C699F2 /* Release */ = {
			isa = XCBuildConfiguration;
			buildSettings = {
				ALWAYS_SEARCH_USER_PATHS = NO;
				CLANG_ANALYZER_NONNULL = YES;
				CLANG_ANALYZER_NUMBER_OBJECT_CONVERSION = YES_AGGRESSIVE;
				CLANG_CXX_LANGUAGE_STANDARD = "gnu++20";
				CLANG_ENABLE_MODULES = YES;
				CLANG_ENABLE_OBJC_ARC = YES;
				CLANG_ENABLE_OBJC_WEAK = YES;
				CLANG_WARN_BLOCK_CAPTURE_AUTORELEASING = YES;
				CLANG_WARN_BOOL_CONVERSION = YES;
				CLANG_WARN_COMMA = YES;
				CLANG_WARN_CONSTANT_CONVERSION = YES;
				CLANG_WARN_DEPRECATED_OBJC_IMPLEMENTATIONS = YES;
				CLANG_WARN_DIRECT_OBJC_ISA_USAGE = YES_ERROR;
				CLANG_WARN_DOCUMENTATION_COMMENTS = YES;
				CLANG_WARN_EMPTY_BODY = YES;
				CLANG_WARN_ENUM_CONVERSION = YES;
				CLANG_WARN_INFINITE_RECURSION = YES;
				CLANG_WARN_INT_CONVERSION = YES;
				CLANG_WARN_NON_LITERAL_NULL_CONVERSION = YES;
				CLANG_WARN_OBJC_IMPLICIT_RETAIN_SELF = YES;
				CLANG_WARN_OBJC_LITERAL_CONVERSION = YES;
				CLANG_WARN_OBJC_ROOT_CLASS = YES_ERROR;
				CLANG_WARN_QUOTED_INCLUDE_IN_FRAMEWORK_HEADER = YES;
				CLANG_WARN_RANGE_LOOP_ANALYSIS = YES;
				CLANG_WARN_STRICT_PROTOTYPES = YES;
				CLANG_WARN_SUSPICIOUS_MOVE = YES;
				CLANG_WARN_UNGUARDED_AVAILABILITY = YES_AGGRESSIVE;
				CLANG_WARN_UNREACHABLE_CODE = YES;
				CLANG_WARN__DUPLICATE_METHOD_MATCH = YES;
				COPY_PHASE_STRIP = NO;
				DEBUG_INFORMATION_FORMAT = "dwarf-with-dsym";
				ENABLE_NS_ASSERTIONS = NO;
				ENABLE_STRICT_OBJC_MSGSEND = YES;
				GCC_C_LANGUAGE_STANDARD = gnu11;
				GCC_NO_COMMON_BLOCKS = YES;
				GCC_WARN_64_TO_32_BIT_CONVERSION = YES;
				GCC_WARN_ABOUT_RETURN_TYPE = YES_ERROR;
				GCC_WARN_UNDECLARED_SELECTOR = YES;
				GCC_WARN_UNINITIALIZED_AUTOS = YES_AGGRESSIVE;
				GCC_WARN_UNUSED_FUNCTION = YES;
				GCC_WARN_UNUSED_VARIABLE = YES;
				IPHONEOS_DEPLOYMENT_TARGET = 16.2;
				MTL_ENABLE_DEBUG_INFO = NO;
				MTL_FAST_MATH = YES;
				SDKROOT = iphoneos;
				SWIFT_COMPILATION_MODE = wholemodule;
				SWIFT_OPTIMIZATION_LEVEL = "-O";
				VALIDATE_PRODUCT = YES;
			};
			name = Release;
		};
		6C0AAF2129572EFB00C699F2 /* Debug */ = {
			isa = XCBuildConfiguration;
			buildSettings = {
				ASSETCATALOG_COMPILER_APPICON_NAME = AppIcon;
				ASSETCATALOG_COMPILER_GLOBAL_ACCENT_COLOR_NAME = AccentColor;
				CODE_SIGN_STYLE = Automatic;
				CURRENT_PROJECT_VERSION = 1;
				DEVELOPMENT_TEAM = GJCKNQ9BXM;
				GENERATE_INFOPLIST_FILE = YES;
				INFOPLIST_FILE = RickAndMorty/Info.plist;
				INFOPLIST_KEY_CFBundleDisplayName = "Rick & Morty";
				INFOPLIST_KEY_LSApplicationCategoryType = "public.app-category.education";
				INFOPLIST_KEY_UIApplicationSupportsIndirectInputEvents = YES;
				INFOPLIST_KEY_UILaunchStoryboardName = LaunchScreen;
				INFOPLIST_KEY_UISupportedInterfaceOrientations_iPad = "UIInterfaceOrientationPortrait UIInterfaceOrientationPortraitUpsideDown UIInterfaceOrientationLandscapeLeft UIInterfaceOrientationLandscapeRight";
				INFOPLIST_KEY_UISupportedInterfaceOrientations_iPhone = "UIInterfaceOrientationPortrait UIInterfaceOrientationLandscapeLeft UIInterfaceOrientationLandscapeRight";
				LD_RUNPATH_SEARCH_PATHS = (
					"$(inherited)",
					"@executable_path/Frameworks",
				);
				MARKETING_VERSION = 1.0;
				PRODUCT_BUNDLE_IDENTIFIER = "Alex-Kravc.RickAndMorty";
				PRODUCT_NAME = "$(TARGET_NAME)";
				SWIFT_EMIT_LOC_STRINGS = YES;
				SWIFT_VERSION = 5.0;
				TARGETED_DEVICE_FAMILY = "1,2";
			};
			name = Debug;
		};
		6C0AAF2229572EFB00C699F2 /* Release */ = {
			isa = XCBuildConfiguration;
			buildSettings = {
				ASSETCATALOG_COMPILER_APPICON_NAME = AppIcon;
				ASSETCATALOG_COMPILER_GLOBAL_ACCENT_COLOR_NAME = AccentColor;
				CODE_SIGN_STYLE = Automatic;
				CURRENT_PROJECT_VERSION = 1;
				DEVELOPMENT_TEAM = GJCKNQ9BXM;
				GENERATE_INFOPLIST_FILE = YES;
				INFOPLIST_FILE = RickAndMorty/Info.plist;
				INFOPLIST_KEY_CFBundleDisplayName = "Rick & Morty";
				INFOPLIST_KEY_LSApplicationCategoryType = "public.app-category.education";
				INFOPLIST_KEY_UIApplicationSupportsIndirectInputEvents = YES;
				INFOPLIST_KEY_UILaunchStoryboardName = LaunchScreen;
				INFOPLIST_KEY_UISupportedInterfaceOrientations_iPad = "UIInterfaceOrientationPortrait UIInterfaceOrientationPortraitUpsideDown UIInterfaceOrientationLandscapeLeft UIInterfaceOrientationLandscapeRight";
				INFOPLIST_KEY_UISupportedInterfaceOrientations_iPhone = "UIInterfaceOrientationPortrait UIInterfaceOrientationLandscapeLeft UIInterfaceOrientationLandscapeRight";
				LD_RUNPATH_SEARCH_PATHS = (
					"$(inherited)",
					"@executable_path/Frameworks",
				);
				MARKETING_VERSION = 1.0;
				PRODUCT_BUNDLE_IDENTIFIER = "Alex-Kravc.RickAndMorty";
				PRODUCT_NAME = "$(TARGET_NAME)";
				SWIFT_EMIT_LOC_STRINGS = YES;
				SWIFT_VERSION = 5.0;
				TARGETED_DEVICE_FAMILY = "1,2";
			};
			name = Release;
		};
/* End XCBuildConfiguration section */

/* Begin XCConfigurationList section */
		6C0AAF0729572EFB00C699F2 /* Build configuration list for PBXProject "RickAndMorty" */ = {
			isa = XCConfigurationList;
			buildConfigurations = (
				6C0AAF1E29572EFB00C699F2 /* Debug */,
				6C0AAF1F29572EFB00C699F2 /* Release */,
			);
			defaultConfigurationIsVisible = 0;
			defaultConfigurationName = Release;
		};
		6C0AAF2029572EFB00C699F2 /* Build configuration list for PBXNativeTarget "RickAndMorty" */ = {
			isa = XCConfigurationList;
			buildConfigurations = (
				6C0AAF2129572EFB00C699F2 /* Debug */,
				6C0AAF2229572EFB00C699F2 /* Release */,
			);
			defaultConfigurationIsVisible = 0;
			defaultConfigurationName = Release;
		};
/* End XCConfigurationList section */
	};
	rootObject = 6C0AAF0429572EFB00C699F2 /* Project object */;
}
